
Microsoft Visual Studio Solution File, Format Version 12.00
# Visual Studio Version 17
VisualStudioVersion = 17.0.31903.59
MinimumVisualStudioVersion = 10.0.40219.1
Project("{FAE04EC0-301F-11D3-BF4B-00C04F79EFBC}") = "Karmasis.MiniVault.CustomActions", "Karmasis.MiniVault.CustomActions\Karmasis.MiniVault.CustomActions.csproj", "{7C3E9A41-5D2B-4E6F-9A18-3B0C7D4E5F62}"
EndProject
Project("{FAE04EC0-301F-11D3-BF4B-00C04F79EFBC}") = "Karmasis.MiniVault.CustomActions.Tests", "Karmasis.MiniVault.CustomActions.Tests\Karmasis.MiniVault.CustomActions.Tests.csproj", "{7F0A65D1-1F42-43F3-9A3A-535793A96C6E}"
EndProject
Global
	GlobalSection(SolutionConfigurationPlatforms) = preSolution
		Debug|Any CPU = Debug|Any CPU
		Debug|x64 = Debug|x64
		Debug|x86 = Debug|x86
		Release|Any CPU = Release|Any CPU
		Release|x64 = Release|x64
		Release|x86 = Release|x86
	EndGlobalSection
	GlobalSection(ProjectConfigurationPlatforms) = postSolution
		{7C3E9A41-5D2B-4E6F-9A18-3B0C7D4E5F62}.Debug|Any CPU.ActiveCfg = Debug|Any CPU
		{7C3E9A41-5D2B-4E6F-9A18-3B0C7D4E5F62}.Debug|Any CPU.Build.0 = Debug|Any CPU
		{7C3E9A41-5D2B-4E6F-9A18-3B0C7D4E5F62}.Debug|x64.ActiveCfg = Debug|Any CPU
		{7C3E9A41-5D2B-4E6F-9A18-3B0C7D4E5F62}.Debug|x64.Build.0 = Debug|Any CPU
		{7C3E9A41-5D2B-4E6F-9A18-3B0C7D4E5F62}.Debug|x86.ActiveCfg = Debug|Any CPU
		{7C3E9A41-5D2B-4E6F-9A18-3B0C7D4E5F62}.Debug|x86.Build.0 = Debug|Any CPU
		{7C3E9A41-5D2B-4E6F-9A18-3B0C7D4E5F62}.Release|Any CPU.ActiveCfg = Release|Any CPU
		{7C3E9A41-5D2B-4E6F-9A18-3B0C7D4E5F62}.Release|Any CPU.Build.0 = Release|Any CPU
		{7C3E9A41-5D2B-4E6F-9A18-3B0C7D4E5F62}.Release|x64.ActiveCfg = Release|Any CPU
		{7C3E9A41-5D2B-4E6F-9A18-3B0C7D4E5F62}.Release|x64.Build.0 = Release|Any CPU
		{7C3E9A41-5D2B-4E6F-9A18-3B0C7D4E5F62}.Release|x86.ActiveCfg = Release|Any CPU
		{7C3E9A41-5D2B-4E6F-9A18-3B0C7D4E5F62}.Release|x86.Build.0 = Release|Any CPU
		{7F0A65D1-1F42-43F3-9A3A-535793A96C6E}.Debug|Any CPU.ActiveCfg = Debug|Any CPU
		{7F0A65D1-1F42-43F3-9A3A-535793A96C6E}.Debug|Any CPU.Build.0 = Debug|Any CPU
		{7F0A65D1-1F42-43F3-9A3A-535793A96C6E}.Debug|x64.ActiveCfg = Debug|Any CPU
		{7F0A65D1-1F42-43F3-9A3A-535793A96C6E}.Debug|x64.Build.0 = Debug|Any CPU
		{7F0A65D1-1F42-43F3-9A3A-535793A96C6E}.Debug|x86.ActiveCfg = Debug|Any CPU
		{7F0A65D1-1F42-43F3-9A3A-535793A96C6E}.Debug|x86.Build.0 = Debug|Any CPU
		{7F0A65D1-1F42-43F3-9A3A-535793A96C6E}.Release|Any CPU.ActiveCfg = Release|Any CPU
		{7F0A65D1-1F42-43F3-9A3A-535793A96C6E}.Release|Any CPU.Build.0 = Release|Any CPU
		{7F0A65D1-1F42-43F3-9A3A-535793A96C6E}.Release|x64.ActiveCfg = Release|Any CPU
		{7F0A65D1-1F42-43F3-9A3A-535793A96C6E}.Release|x64.Build.0 = Release|Any CPU
		{7F0A65D1-1F42-43F3-9A3A-535793A96C6E}.Release|x86.ActiveCfg = Release|Any CPU
		{7F0A65D1-1F42-43F3-9A3A-535793A96C6E}.Release|x86.Build.0 = Release|Any CPU
	EndGlobalSection
	GlobalSection(SolutionProperties) = preSolution
		HideSolutionNode = FALSE
	EndGlobalSection
EndGlobal
